// !$*UTF8*$!
{ archiveVersion = 1; classes = {}; objectVersion = 56; objects = {
73775B837BAAD9FED5A689A3 = { isa = PBXFileReference; lastKnownFileType = sourcecode.swift; path = "Sources/App/NotebookDocument.swift"; sourceTree = "<group>"; };
A6B8FCA9879F778BC1809795 = { isa = PBXBuildFile; fileRef = 73775B837BAAD9FED5A689A3; };
536CD1DD78058D51D0B7584D = { isa = PBXFileReference; lastKnownFileType = sourcecode.swift; path = "Sources/Core/NotebookRenderer.swift"; sourceTree = "<group>"; };
F27E6D20955017DC0BC73F09 = { isa = PBXBuildFile; fileRef = 536CD1DD78058D51D0B7584D; };
2C07DC60D2AB1482F8EFA221 = { isa = PBXFileReference; lastKnownFileType = sourcecode.swift; path = "Sources/App/NotebookView.swift"; sourceTree = "<group>"; };
8D6EED2C749374C93ED76D68 = { isa = PBXBuildFile; fileRef = 2C07DC60D2AB1482F8EFA221; };
D6121DB57414A897CE311662 = { isa = PBXFileReference; lastKnownFileType = sourcecode.swift; path = "Sources/App/PaperCanvas.swift"; sourceTree = "<group>"; };
4EECEA994C45F9A612778590 = { isa = PBXBuildFile; fileRef = D6121DB57414A897CE311662; };
4E5DB2216D14B1AC407D98CD = { isa = PBXFileReference; lastKnownFileType = sourcecode.swift; path = "Sources/Core/NotebookFormat.swift"; sourceTree = "<group>"; };
243FB0BFD134CA3F27FC390C = { isa = PBXBuildFile; fileRef = 4E5DB2216D14B1AC407D98CD; };
3685E330EC5277A9DD5661C6 = { isa = PBXFileReference; lastKnownFileType = folder.assetcatalog; path = Resources/Assets.xcassets; sourceTree = "<group>"; };
CF8A4D27E1C506A7C75A76BE = { isa = PBXBuildFile; fileRef = 3685E330EC5277A9DD5661C6; };
38A007151ABE87CC01A5B6E9 = { isa = PBXFileReference; explicitFileType = wrapper.application; path = "Studio Notebook.app"; sourceTree = BUILT_PRODUCTS_DIR; };
FBDC4F23F93125BBEEAE800C = { isa = PBXGroup; children = (38A007151ABE87CC01A5B6E9, B58968AD397FA1A20599C9F3); name = Products; sourceTree = "<group>"; };
64292B1C2B2E13EAD8788FC8 = { isa = PBXGroup; children = (E964F0D4B94748354C8AF7C5, A6D19D0C953DFF5F8B9484BA, 73775B837BAAD9FED5A689A3, 536CD1DD78058D51D0B7584D, 2C07DC60D2AB1482F8EFA221, D6121DB57414A897CE311662, 4E5DB2216D14B1AC407D98CD, 3685E330EC5277A9DD5661C6, FBDC4F23F93125BBEEAE800C); sourceTree = "<group>"; };
BCE16DD0260827ECF338C787 = { isa = PBXSourcesBuildPhase; buildActionMask = 2147483647; files = (A6B8FCA9879F778BC1809795, F27E6D20955017DC0BC73F09, 8D6EED2C749374C93ED76D68, 4EECEA994C45F9A612778590, 243FB0BFD134CA3F27FC390C); runOnlyForDeploymentPostprocessing = 0; };
0189424A5A60FED329FA868E = { isa = PBXResourcesBuildPhase; buildActionMask = 2147483647; files = (A39309C4376B4D66A5739C05, CF8A4D27E1C506A7C75A76BE); runOnlyForDeploymentPostprocessing = 0; };
7561BFB015D8F536760CB671 = { isa = PBXFrameworksBuildPhase; buildActionMask = 2147483647; files = (); runOnlyForDeploymentPostprocessing = 0; };
9A3C1EE301EC9F46B8FCBBBB = { isa = XCBuildConfiguration; buildSettings = {"CLANG_ENABLE_MODULES" = "YES"; "CLANG_ENABLE_OBJC_ARC" = "YES"; "SWIFT_VERSION" = "6.0"; "SWIFT_STRICT_CONCURRENCY" = "complete"; "SWIFT_OPTIMIZATION_LEVEL" = "-Onone"; "DEBUG_INFORMATION_FORMAT" = "dwarf"; "ENABLE_TESTABILITY" = "YES"; "SWIFT_ACTIVE_COMPILATION_CONDITIONS" = "DEBUG";}; name = Debug; };
A8288EAD101D3680C2AC7BC8 = { isa = XCBuildConfiguration; buildSettings = {"PRODUCT_NAME" = "Studio Notebook"; "PRODUCT_BUNDLE_IDENTIFIER" = "com.dd.studionotebook"; "CURRENT_PROJECT_VERSION" = "1"; "MARKETING_VERSION" = "1.0"; "GENERATE_INFOPLIST_FILE" = "YES"; "INFOPLIST_FILE" = "Resources/Info.plist"; "INFOPLIST_KEY_CFBundleDisplayName" = "Studio Notebook"; "INFOPLIST_KEY_LSApplicationCategoryType" = "public.app-category.productivity"; "ASSETCATALOG_COMPILER_APPICON_NAME" = "AppIcon"; "ASSETCATALOG_COMPILER_GLOBAL_ACCENT_COLOR_NAME" = "AccentColor"; "LD_RUNPATH_SEARCH_PATHS" = "$(inherited) @executable_path/Frameworks"; "ENABLE_HARDENED_RUNTIME" = "YES"; "CODE_SIGN_ENTITLEMENTS" = "Resources/App.entitlements"; "SDKROOT" = "iphoneos"; "SUPPORTED_PLATFORMS" = "iphoneos iphonesimulator macosx"; "IPHONEOS_DEPLOYMENT_TARGET" = "27.0"; "TARGETED_DEVICE_FAMILY" = "2"; "CODE_SIGN_STYLE" = "Automatic"; "INFOPLIST_KEY_UILaunchScreen_Generation" = "YES"; "INFOPLIST_KEY_UIApplicationSceneManifest_Generation" = "YES"; "INFOPLIST_KEY_UISupportedInterfaceOrientations_iPhone" = "UIInterfaceOrientationPortrait UIInterfaceOrientationLandscapeLeft UIInterfaceOrientationLandscapeRight"; "INFOPLIST_KEY_UISupportedInterfaceOrientations_iPad" = "UIInterfaceOrientationPortrait UIInterfaceOrientationPortraitUpsideDown UIInterfaceOrientationLandscapeLeft UIInterfaceOrientationLandscapeRight"; "MACOSX_DEPLOYMENT_TARGET" = "27.0"; "CODE_SIGN_IDENTITY[sdk=macosx*]" = "-"; "CODE_SIGN_STYLE[sdk=macosx*]" = "Manual"; "LD_RUNPATH_SEARCH_PATHS[sdk=macosx*]" = "$(inherited) @executable_path/../Frameworks";}; name = Debug; };
5D4AE94DA0B27833AE568E9C = { isa = XCBuildConfiguration; buildSettings = {"CLANG_ENABLE_MODULES" = "YES"; "CLANG_ENABLE_OBJC_ARC" = "YES"; "SWIFT_VERSION" = "6.0"; "SWIFT_STRICT_CONCURRENCY" = "complete"; "SWIFT_OPTIMIZATION_LEVEL" = "-O"; "DEBUG_INFORMATION_FORMAT" = "dwarf-with-dsym"; "ENABLE_TESTABILITY" = "NO"; "SWIFT_ACTIVE_COMPILATION_CONDITIONS" = "";}; name = Release; };
8EB64F55E62F34DE5618DACF = { isa = XCBuildConfiguration; buildSettings = {"PRODUCT_NAME" = "Studio Notebook"; "PRODUCT_BUNDLE_IDENTIFIER" = "com.dd.studionotebook"; "CURRENT_PROJECT_VERSION" = "1"; "MARKETING_VERSION" = "1.0"; "GENERATE_INFOPLIST_FILE" = "YES"; "INFOPLIST_FILE" = "Resources/Info.plist"; "INFOPLIST_KEY_CFBundleDisplayName" = "Studio Notebook"; "INFOPLIST_KEY_LSApplicationCategoryType" = "public.app-category.productivity"; "ASSETCATALOG_COMPILER_APPICON_NAME" = "AppIcon"; "ASSETCATALOG_COMPILER_GLOBAL_ACCENT_COLOR_NAME" = "AccentColor"; "LD_RUNPATH_SEARCH_PATHS" = "$(inherited) @executable_path/Frameworks"; "ENABLE_HARDENED_RUNTIME" = "YES"; "CODE_SIGN_ENTITLEMENTS" = "Resources/App.entitlements"; "SDKROOT" = "iphoneos"; "SUPPORTED_PLATFORMS" = "iphoneos iphonesimulator macosx"; "IPHONEOS_DEPLOYMENT_TARGET" = "27.0"; "TARGETED_DEVICE_FAMILY" = "2"; "CODE_SIGN_STYLE" = "Automatic"; "INFOPLIST_KEY_UILaunchScreen_Generation" = "YES"; "INFOPLIST_KEY_UIApplicationSceneManifest_Generation" = "YES"; "INFOPLIST_KEY_UISupportedInterfaceOrientations_iPhone" = "UIInterfaceOrientationPortrait UIInterfaceOrientationLandscapeLeft UIInterfaceOrientationLandscapeRight"; "INFOPLIST_KEY_UISupportedInterfaceOrientations_iPad" = "UIInterfaceOrientationPortrait UIInterfaceOrientationPortraitUpsideDown UIInterfaceOrientationLandscapeLeft UIInterfaceOrientationLandscapeRight"; "MACOSX_DEPLOYMENT_TARGET" = "27.0"; "CODE_SIGN_IDENTITY[sdk=macosx*]" = "-"; "CODE_SIGN_STYLE[sdk=macosx*]" = "Manual"; "LD_RUNPATH_SEARCH_PATHS[sdk=macosx*]" = "$(inherited) @executable_path/../Frameworks";}; name = Release; };
FB82D759FB6CC8BAF965A9B2 = { isa = XCConfigurationList; buildConfigurations = (9A3C1EE301EC9F46B8FCBBBB, 5D4AE94DA0B27833AE568E9C); defaultConfigurationIsVisible = 0; defaultConfigurationName = Release; };
D66B3603D80A7F0E2F08B3BC = { isa = XCConfigurationList; buildConfigurations = (A8288EAD101D3680C2AC7BC8, 8EB64F55E62F34DE5618DACF); defaultConfigurationIsVisible = 0; defaultConfigurationName = Release; };
0E8A3AD980EC179856012B7E = { isa = PBXNativeTarget; buildConfigurationList = D66B3603D80A7F0E2F08B3BC; buildPhases = (BCE16DD0260827ECF338C787, 7561BFB015D8F536760CB671, 0189424A5A60FED329FA868E); buildRules = (); dependencies = (); name = "Studio Notebook"; productName = "Studio Notebook"; productReference = 38A007151ABE87CC01A5B6E9; productType = "com.apple.product-type.application"; };
98F54143AB4E86B28C3AFEE0 = { isa = PBXProject; attributes = { LastUpgradeCheck = 2700; }; buildConfigurationList = FB82D759FB6CC8BAF965A9B2; compatibilityVersion = "Xcode 14.0"; developmentRegion = en; knownRegions = (en, Base); mainGroup = 64292B1C2B2E13EAD8788FC8; productRefGroup = FBDC4F23F93125BBEEAE800C; projectDirPath = ""; projectRoot = ""; targets = (0AD4B07A83E05DBD45B7FC37, 0E8A3AD980EC179856012B7E); };
A6D19D0C953DFF5F8B9484BA = { isa = PBXFileReference; lastKnownFileType = sourcecode.swift; path = Tests/UI/WorkflowTests.swift; sourceTree = "<group>"; };
2296975E2AED84E2F7C26790 = { isa = PBXBuildFile; fileRef = A6D19D0C953DFF5F8B9484BA; };
B58968AD397FA1A20599C9F3 = { isa = PBXFileReference; explicitFileType = wrapper.cfbundle; path = WorkflowTests.xctest; sourceTree = BUILT_PRODUCTS_DIR; };
163D39D31938BBA478C0E98C = { isa = PBXSourcesBuildPhase; buildActionMask = 2147483647; files = (2296975E2AED84E2F7C26790); runOnlyForDeploymentPostprocessing = 0; };
05A219E03BBB2EF083AE1853 = { isa = PBXFrameworksBuildPhase; buildActionMask = 2147483647; files = (); runOnlyForDeploymentPostprocessing = 0; };
5EB9CCB577FB52F9372C4A07 = { isa = PBXResourcesBuildPhase; buildActionMask = 2147483647; files = (); runOnlyForDeploymentPostprocessing = 0; };
DC81A1167233FC404FD46B40 = { isa = PBXContainerItemProxy; containerPortal = 98F54143AB4E86B28C3AFEE0; proxyType = 1; remoteGlobalIDString = 0E8A3AD980EC179856012B7E; remoteInfo = "Studio Notebook"; };
655155E16B7E441A9189F8CC = { isa = PBXTargetDependency; target = 0E8A3AD980EC179856012B7E; targetProxy = DC81A1167233FC404FD46B40; };
94C1D7A82E2F92E70C5BA5D8 = { isa = XCBuildConfiguration; buildSettings = {"SDKROOT" = "iphoneos"; "IPHONEOS_DEPLOYMENT_TARGET" = "27.0"; "GENERATE_INFOPLIST_FILE" = "YES"; "PRODUCT_BUNDLE_IDENTIFIER" = "com.dd.studionotebook.uitests"; "PRODUCT_NAME" = "WorkflowTests"; "SWIFT_VERSION" = "6.0"; "TEST_TARGET_NAME" = "Studio Notebook"; "CODE_SIGN_STYLE" = "Automatic"; "TARGETED_DEVICE_FAMILY" = "1,2";}; name = Debug; };
9609A256A79253DD705A918E = { isa = XCBuildConfiguration; buildSettings = {"SDKROOT" = "iphoneos"; "IPHONEOS_DEPLOYMENT_TARGET" = "27.0"; "GENERATE_INFOPLIST_FILE" = "YES"; "PRODUCT_BUNDLE_IDENTIFIER" = "com.dd.studionotebook.uitests"; "PRODUCT_NAME" = "WorkflowTests"; "SWIFT_VERSION" = "6.0"; "TEST_TARGET_NAME" = "Studio Notebook"; "CODE_SIGN_STYLE" = "Automatic"; "TARGETED_DEVICE_FAMILY" = "1,2";}; name = Release; };
2C89FC06BA9452D155609FB8 = { isa = XCConfigurationList; buildConfigurations = (94C1D7A82E2F92E70C5BA5D8, 9609A256A79253DD705A918E); defaultConfigurationIsVisible = 0; defaultConfigurationName = Release; };
0AD4B07A83E05DBD45B7FC37 = { isa = PBXNativeTarget; buildConfigurationList = 2C89FC06BA9452D155609FB8; buildPhases = (163D39D31938BBA478C0E98C, 05A219E03BBB2EF083AE1853, 5EB9CCB577FB52F9372C4A07); buildRules = (); dependencies = (655155E16B7E441A9189F8CC); name = WorkflowTests; productName = WorkflowTests; productReference = B58968AD397FA1A20599C9F3; productType = "com.apple.product-type.bundle.ui-testing"; };
E964F0D4B94748354C8AF7C5 = { isa = PBXFileReference; lastKnownFileType = text.xml; path = Resources/PrivacyInfo.xcprivacy; sourceTree = "<group>"; };
A39309C4376B4D66A5739C05 = { isa = PBXBuildFile; fileRef = E964F0D4B94748354C8AF7C5; };
}; rootObject = 98F54143AB4E86B28C3AFEE0; }
